{
	"name": "babel-plugin-proposal-record-and-tuple",
	"version": "0.0.1",
	"lockfileVersion": 1,
	"requires": true,
	"dependencies": {
		"@babel/code-frame": {
			"version": "7.7.8",
			"resolved": "http://localhost:4873/@babel%2fcode-frame/-/code-frame-7.7.8.tgz",
			"integrity": "sha512-if0ayd1KqIt7GqVDr1g61RvxUTP8F+2zNZAqYtgiSbzwIIZ0Fnpi9HcTt5bUPohsL+PISWcuzYfJ5q/7xTjeRw==",
			"requires": {
				"@babel/highlight": "^7.7.8"
			}
		},
		"@babel/core": {
			"version": "7.7.8",
			"resolved": "http://localhost:4873/@babel%2fcore/-/core-7.7.8.tgz",
			"integrity": "sha512-kw1NOyxZuRVIJMq8A3gOwqErBPzeBKM3kHrHHaKCDXof2TZvCzvd1sdvaV7Gl4gS6sw2KPOBzK7tbN/ZDd80Kg==",
			"requires": {
				"@babel/code-frame": "^7.7.8",
				"@babel/generator": "^7.7.8",
				"@babel/helpers": "^7.7.8",
				"@babel/parser": "^7.7.8",
				"@babel/template": "^7.7.8",
				"@babel/traverse": "^7.7.8",
				"@babel/types": "^7.7.8",
				"convert-source-map": "^1.7.0",
				"debug": "^4.1.0",
				"json5": "^2.1.0",
				"lodash": "^4.17.13",
				"resolve": "^1.3.2",
				"semver": "^5.4.1",
				"source-map": "^0.5.0"
			}
		},
		"@babel/generator": {
			"version": "7.7.8",
			"resolved": "http://localhost:4873/@babel%2fgenerator/-/generator-7.7.8.tgz",
			"integrity": "sha512-4vEwt39rj+fPoYl2rFG2AyeCmzgedbkN4Wh6ggCk/1pMT9rQ2XOo1R5lhe1/yXekktZZsqkM9if6VeqfDusTwQ==",
			"requires": {
				"@babel/types": "^7.7.8",
				"jsesc": "^2.5.1",
				"lodash": "^4.17.13",
				"source-map": "^0.5.0"
			}
		},
		"@babel/helper-function-name": {
			"version": "7.7.8",
			"resolved": "http://localhost:4873/@babel%2fhelper-function-name/-/helper-function-name-7.7.8.tgz",
			"integrity": "sha512-bZCAgvtJxQiQHWo0C0gk8n6sryjVJaHdcgtFdhTwuccUVskz+KFqamvEn18RKAjzSunL8VEIIJxboh89kxqj8w==",
			"requires": {
				"@babel/helper-get-function-arity": "^7.7.8",
				"@babel/template": "^7.7.8",
				"@babel/types": "^7.7.8"
			}
		},
		"@babel/helper-get-function-arity": {
			"version": "7.7.8",
			"resolved": "http://localhost:4873/@babel%2fhelper-get-function-arity/-/helper-get-function-arity-7.7.8.tgz",
			"integrity": "sha512-slwWx6DLeoaK+1g0aNV2PenJiud7k7U0p8PRvQgTv8wPH022XpmSb681mxjDmT6NpL7nhaC5dlBGiDXo0Jh33A==",
			"requires": {
				"@babel/types": "^7.7.8"
			}
		},
		"@babel/helper-module-imports": {
			"version": "7.7.8",
			"resolved": "http://localhost:4873/@babel%2fhelper-module-imports/-/helper-module-imports-7.7.8.tgz",
			"integrity": "sha512-Wi9zHXN11xhEJfNDY4W7iB8+WttvSWiRpgaCe/rutiLoN9N6WHghGaJAHvPJ/J7wFKA/xtdGV7jJUj+pgjWIrw==",
			"requires": {
				"@babel/types": "^7.7.8"
			}
		},
		"@babel/helper-plugin-utils": {
			"version": "7.7.8",
			"resolved": "http://localhost:4873/@babel%2fhelper-plugin-utils/-/helper-plugin-utils-7.7.8.tgz",
			"integrity": "sha512-YAo6f+SgOs6be+L/BIxBgh9e8X+ylVdv2DD4jzH/UqlkF41Z6JbPGg4oIwWGUmi8J195fFjVwH4YqtkVqTWUCA=="
		},
		"@babel/helper-split-export-declaration": {
			"version": "7.7.8",
			"resolved": "http://localhost:4873/@babel%2fhelper-split-export-declaration/-/helper-split-export-declaration-7.7.8.tgz",
			"integrity": "sha512-MXbibd3C0AzPCO7j5bGZInvM3hzK/5vpTJOeomR/p63bIMoJmcLIM8EU8w6bAY1Unqc9h5LCtH5rV3ncuXzWPQ==",
			"requires": {
				"@babel/types": "^7.7.8"
			}
		},
		"@babel/helpers": {
			"version": "7.7.8",
			"resolved": "http://localhost:4873/@babel%2fhelpers/-/helpers-7.7.8.tgz",
			"integrity": "sha512-T2KXorH2a6dlTv4c9g2KPW+rlMPTkrSFU+T0DEq8VIEp+LwOD3h80e6p1f8q2oYqFQ8BKh3imjCmE4bBLYf1UA==",
			"requires": {
				"@babel/template": "^7.7.8",
				"@babel/traverse": "^7.7.8",
				"@babel/types": "^7.7.8"
			}
		},
		"@babel/highlight": {
			"version": "7.7.8",
			"resolved": "http://localhost:4873/@babel%2fhighlight/-/highlight-7.7.8.tgz",
			"integrity": "sha512-QpvjY92we1P230EQ0mSkhX2qcMVnGbDGO7RaLO+4tNhafVut9M19ArCg5ybh24t9hfU94JElgqyOeFRO7hiWtw==",
			"requires": {
				"chalk": "^2.0.0",
				"esutils": "^2.0.2",
				"js-tokens": "^4.0.0"
			}
		},
		"@babel/parser": {
			"version": "7.7.8",
			"resolved": "http://localhost:4873/@babel%2fparser/-/parser-7.7.8.tgz",
			"integrity": "sha512-897A4zamF+BbLAXBQWeLrT8/Akugy+CjlYLTVP5af910FXuuNBp886gNsst+5y7SRlcBqJUWnVLWCIJB9YQkJg=="
		},
		"@babel/plugin-syntax-record-and-tuple": {
			"version": "7.7.8",
			"resolved": "http://localhost:4873/@babel%2fplugin-syntax-record-and-tuple/-/plugin-syntax-record-and-tuple-7.7.8.tgz",
			"integrity": "sha512-v6FsLxkCXZxOLi3NNHcPqm8NMbPOpqo6QXpNHgs0j7giP/GKPqNp4yy1mjXsbsXLY4HLRTl0WY24c0UlT0M2Gg==",
			"requires": {
				"@babel/helper-plugin-utils": "^7.7.8"
			}
		},
		"@babel/template": {
			"version": "7.7.8",
			"resolved": "http://localhost:4873/@babel%2ftemplate/-/template-7.7.8.tgz",
			"integrity": "sha512-fwX07xpE/vH+aG8VMC+QXGsZ4S4aPOlbWnaqV0zKHSoZjJGqp7+eE9lzG2DjhSZEc2RqxCu3aC3Ml1quIgnlnw==",
			"requires": {
				"@babel/code-frame": "^7.7.8",
				"@babel/parser": "^7.7.8",
				"@babel/types": "^7.7.8"
			}
		},
		"@babel/traverse": {
			"version": "7.7.8",
			"resolved": "http://localhost:4873/@babel%2ftraverse/-/traverse-7.7.8.tgz",
			"integrity": "sha512-Gf3wuMG67sPLytvV+XlDeyDH4VuHmFxU0RHfb3UuyjDTi0FN/bab5Q0RvrI9/nxBbLWAOpgbpwRsOWhEH4tSOg==",
			"requires": {
				"@babel/code-frame": "^7.7.8",
				"@babel/generator": "^7.7.8",
				"@babel/helper-function-name": "^7.7.8",
				"@babel/helper-split-export-declaration": "^7.7.8",
				"@babel/parser": "^7.7.8",
				"@babel/types": "^7.7.8",
				"debug": "^4.1.0",
				"globals": "^11.1.0",
				"lodash": "^4.17.13"
			}
		},
		"@babel/types": {
			"version": "7.7.8",
			"resolved": "http://localhost:4873/@babel%2ftypes/-/types-7.7.8.tgz",
			"integrity": "sha512-pteaVsa9dBuVwN7r+MoxyLfUKXmYnGxodl7N4HOmtMw2rzQLn3cu8I1p5fyMhrYjhPjwa+HCHBVAqoaB4fCkMA==",
			"requires": {
				"esutils": "^2.0.2",
				"lodash": "^4.17.13",
				"to-fast-properties": "^2.0.0"
			}
		},
		"ansi-styles": {
			"version": "3.2.1",
			"resolved": "http://localhost:4873/ansi-styles/-/ansi-styles-3.2.1.tgz",
			"integrity": "sha512-VT0ZI6kZRdTh8YyJw3SMbYm/u+NqfsAxEpWO0Pf9sq8/e94WxxOpPKx9FR1FlyCtOVDNOQ+8ntlqFxiRc+r5qA==",
			"requires": {
				"color-convert": "^1.9.0"
			}
		},
		"chalk": {
			"version": "2.4.2",
			"resolved": "http://localhost:4873/chalk/-/chalk-2.4.2.tgz",
			"integrity": "sha512-Mti+f9lpJNcwF4tWV8/OrTTtF1gZi+f8FqlyAdouralcFWFQWF2+NgCHShjkCb+IFBLq9buZwE1xckQU4peSuQ==",
			"requires": {
				"ansi-styles": "^3.2.1",
				"escape-string-regexp": "^1.0.5",
				"supports-color": "^5.3.0"
			}
		},
		"color-convert": {
			"version": "1.9.3",
			"resolved": "http://localhost:4873/color-convert/-/color-convert-1.9.3.tgz",
			"integrity": "sha512-QfAUtd+vFdAtFQcC8CCyYt1fYWxSqAiK2cSD6zDB8N3cpsEBAvRxp9zOGg6G/SHHJYAT88/az/IuDGALsNVbGg==",
			"requires": {
				"color-name": "1.1.3"
			}
		},
		"color-name": {
			"version": "1.1.3",
			"resolved": "http://localhost:4873/color-name/-/color-name-1.1.3.tgz",
			"integrity": "sha1-p9BVi9icQveV3UIyj3QIMcpTvCU="
		},
		"convert-source-map": {
			"version": "1.7.0",
			"resolved": "http://localhost:4873/convert-source-map/-/convert-source-map-1.7.0.tgz",
			"integrity": "sha512-4FJkXzKXEDB1snCFZlLP4gpC3JILicCpGbzG9f9G7tGqGCzETQ2hWPrcinA9oU4wtf2biUaEH5065UnMeR33oA==",
			"requires": {
				"safe-buffer": "~5.1.1"
			}
		},
		"debug": {
			"version": "4.1.1",
			"resolved": "http://localhost:4873/debug/-/debug-4.1.1.tgz",
			"integrity": "sha512-pYAIzeRo8J6KPEaJ0VWOh5Pzkbw/RetuzehGM7QRRX5he4fPHx2rdKMB256ehJCkX+XRQm16eZLqLNS8RSZXZw==",
			"requires": {
				"ms": "^2.1.1"
			}
		},
		"escape-string-regexp": {
			"version": "1.0.5",
			"resolved": "http://localhost:4873/escape-string-regexp/-/escape-string-regexp-1.0.5.tgz",
			"integrity": "sha1-G2HAViGQqN/2rjuyzwIAyhMLhtQ="
		},
		"esutils": {
			"version": "2.0.3",
			"resolved": "http://localhost:4873/esutils/-/esutils-2.0.3.tgz",
			"integrity": "sha512-kVscqXk4OCp68SZ0dkgEKVi6/8ij300KBWTJq32P/dYeWTSwK41WyTxalN1eRmA5Z9UU/LX9D7FWSmV9SAYx6g=="
		},
		"globals": {
			"version": "11.12.0",
			"resolved": "http://localhost:4873/globals/-/globals-11.12.0.tgz",
			"integrity": "sha512-WOBp/EEGUiIsJSp7wcv/y6MO+lV9UoncWqxuFfm8eBwzWNgyfBd6Gz+IeKQ9jCmyhoH99g15M3T+QaVHFjizVA=="
		},
		"has-flag": {
			"version": "3.0.0",
			"resolved": "http://localhost:4873/has-flag/-/has-flag-3.0.0.tgz",
			"integrity": "sha1-tdRU3CGZriJWmfNGfloH87lVuv0="
		},
		"js-tokens": {
			"version": "4.0.0",
			"resolved": "http://localhost:4873/js-tokens/-/js-tokens-4.0.0.tgz",
			"integrity": "sha512-RdJUflcE3cUzKiMqQgsCu06FPu9UdIJO0beYbPhHN4k6apgJtifcoCtT9bcxOpYBtpD2kCM6Sbzg4CausW/PKQ=="
		},
		"jsesc": {
			"version": "2.5.2",
			"resolved": "http://localhost:4873/jsesc/-/jsesc-2.5.2.tgz",
			"integrity": "sha512-OYu7XEzjkCQ3C5Ps3QIZsQfNpqoJyZZA99wd9aWd05NCtC5pWOkShK2mkL6HXQR6/Cy2lbNdPlZBpuQHXE63gA=="
		},
		"json5": {
			"version": "2.1.1",
			"resolved": "http://localhost:4873/json5/-/json5-2.1.1.tgz",
			"integrity": "sha512-l+3HXD0GEI3huGq1njuqtzYK8OYJyXMkOLtQ53pjWh89tvWS2h6l+1zMkYWqlb57+SiQodKZyvMEFb2X+KrFhQ==",
			"requires": {
				"minimist": "^1.2.0"
			}
		},
		"lodash": {
			"version": "4.17.15",
			"resolved": "http://localhost:4873/lodash/-/lodash-4.17.15.tgz",
			"integrity": "sha512-8xOcRHvCjnocdS5cpwXQXVzmmh5e5+saE2QGoeQmbKmRS6J3VQppPOIt0MnmE+4xlZoumy0GPG0D0MVIQbNA1A=="
		},
		"minimist": {
			"version": "1.2.0",
			"resolved": "http://localhost:4873/minimist/-/minimist-1.2.0.tgz",
			"integrity": "sha1-o1AIsg9BOD7sH7kU9M1d95omQoQ="
		},
		"ms": {
			"version": "2.1.2",
			"resolved": "http://localhost:4873/ms/-/ms-2.1.2.tgz",
			"integrity": "sha512-sGkPx+VjMtmA6MX27oA4FBFELFCZZ4S4XqeGOXCv68tT+jb3vk/RyaKWP0PTKyWtmLSM0b+adUTEvbs1PEaH2w=="
		},
		"path-parse": {
			"version": "1.0.6",
			"resolved": "http://localhost:4873/path-parse/-/path-parse-1.0.6.tgz",
			"integrity": "sha512-GSmOT2EbHrINBf9SR7CDELwlJ8AENk3Qn7OikK4nFYAu3Ote2+JYNVvkpAEQm3/TLNEJFD/xZJjzyxg3KBWOzw=="
		},
		"resolve": {
			"version": "1.14.1",
			"resolved": "http://localhost:4873/resolve/-/resolve-1.14.1.tgz",
			"integrity": "sha512-fn5Wobh4cxbLzuHaE+nphztHy43/b++4M6SsGFC2gB8uYwf0C8LcarfCz1un7UTW8OFQg9iNjZ4xpcFVGebDPg==",
			"requires": {
				"path-parse": "^1.0.6"
			}
		},
		"safe-buffer": {
			"version": "5.1.2",
			"resolved": "http://localhost:4873/safe-buffer/-/safe-buffer-5.1.2.tgz",
			"integrity": "sha512-Gd2UZBJDkXlY7GbJxfsE8/nvKkUEU1G38c1siN6QP6a9PT9MmHB8GnpscSmMJSoF8LOIrt8ud/wPtojys4G6+g=="
		},
		"semver": {
			"version": "5.7.1",
			"resolved": "http://localhost:4873/semver/-/semver-5.7.1.tgz",
			"integrity": "sha512-sauaDf/PZdVgrLTNYHRtpXa1iRiKcaebiKQ1BJdpQlWH2lCvexQdX55snPFyK7QzpudqbCI0qXFfOasHdyNDGQ=="
		},
		"source-map": {
			"version": "0.5.7",
			"resolved": "http://localhost:4873/source-map/-/source-map-0.5.7.tgz",
			"integrity": "sha1-igOdLRAh0i0eoUyA2OpGi6LvP8w="
		},
		"supports-color": {
			"version": "5.5.0",
			"resolved": "http://localhost:4873/supports-color/-/supports-color-5.5.0.tgz",
			"integrity": "sha512-QjVjwdXIt408MIiAqCX4oUKsgU2EqAGzs2Ppkm4aQYbjm+ZEWEcW4SfFNTr4uMNZma0ey4f5lgLrkB0aX0QMow==",
			"requires": {
				"has-flag": "^3.0.0"
			}
		},
		"to-fast-properties": {
			"version": "2.0.0",
			"resolved": "http://localhost:4873/to-fast-properties/-/to-fast-properties-2.0.0.tgz",
			"integrity": "sha1-3F5pjL0HkmW8c+A3doGk5Og/YW4="
		}
	}
}
